
Microsoft Visual Studio Solution File, Format Version 12.00
# Visual Studio Version 17
VisualStudioVersion = 17.2.32630.192
MinimumVisualStudioVersion = 10.0.40219.1
Project("{FAE04EC0-301F-11D3-BF4B-00C04F79EFBC}") = "ClassesAssignment", "ClassesAssignment.csproj", "{38D493D3-0790-444F-893B-B54E33CACF17}"
EndProject
Global
	GlobalSection(SolutionConfigurationPlatforms) = preSolution
		Debug|Any CPU = Debug|Any CPU
		Release|Any CPU = Release|Any CPU
	EndGlobalSection
	GlobalSection(ProjectConfigurationPlatforms) = postSolution
		{38D493D3-0790-444F-893B-B54E33CACF17}.Debug|Any CPU.ActiveCfg = Debug|Any CPU
		{38D493D3-0790-444F-893B-B54E33CACF17}.Debug|Any CPU.Build.0 = Debug|Any CPU
		{38D493D3-0790-444F-893B-B54E33CACF17}.Release|Any CPU.ActiveCfg = Release|Any CPU
		{38D493D3-0790-444F-893B-B54E33CACF17}.Release|Any CPU.Build.0 = Release|Any CPU
	EndGlobalSection
	GlobalSection(SolutionProperties) = preSolution
		HideSolutionNode = FALSE
	EndGlobalSection
	GlobalSection(ExtensibilityGlobals) = postSolution
		SolutionGuid = {F42FE05F-7CD9-4CBA-BD5B-9837FA5B69D7}
	EndGlobalSection
EndGlobal
