
Microsoft Visual Studio Solution File, Format Version 12.00
# Visual Studio Version 17
VisualStudioVersion = 17.2.32630.192
MinimumVisualStudioVersion = 10.0.40219.1
Project("{FAE04EC0-301F-11D3-BF4B-00C04F79EFBC}") = "APIAssignment1", "APIAssignment1.csproj", "{45D2CB8B-C155-46AC-879D-3092D2A12FE4}"
EndProject
Global
	GlobalSection(SolutionConfigurationPlatforms) = preSolution
		Debug|Any CPU = Debug|Any CPU
		Release|Any CPU = Release|Any CPU
	EndGlobalSection
	GlobalSection(ProjectConfigurationPlatforms) = postSolution
		{45D2CB8B-C155-46AC-879D-3092D2A12FE4}.Debug|Any CPU.ActiveCfg = Debug|Any CPU
		{45D2CB8B-C155-46AC-879D-3092D2A12FE4}.Debug|Any CPU.Build.0 = Debug|Any CPU
		{45D2CB8B-C155-46AC-879D-3092D2A12FE4}.Release|Any CPU.ActiveCfg = Release|Any CPU
		{45D2CB8B-C155-46AC-879D-3092D2A12FE4}.Release|Any CPU.Build.0 = Release|Any CPU
	EndGlobalSection
	GlobalSection(SolutionProperties) = preSolution
		HideSolutionNode = FALSE
	EndGlobalSection
	GlobalSection(ExtensibilityGlobals) = postSolution
		SolutionGuid = {AF7F845E-9BF0-4270-8F49-F4C8D8EECE49}
	EndGlobalSection
EndGlobal
