
Microsoft Visual Studio Solution File, Format Version 12.00
# Visual Studio Version 17
VisualStudioVersion = 17.2.32630.192
MinimumVisualStudioVersion = 10.0.40219.1
Project("{FAE04EC0-301F-11D3-BF4B-00C04F79EFBC}") = "Assignment2(28-07)", "Assignment2(28-07).csproj", "{B41DE99D-7541-4EE4-A3DE-5A56ACB33B4B}"
EndProject
Global
	GlobalSection(SolutionConfigurationPlatforms) = preSolution
		Debug|Any CPU = Debug|Any CPU
		Release|Any CPU = Release|Any CPU
	EndGlobalSection
	GlobalSection(ProjectConfigurationPlatforms) = postSolution
		{B41DE99D-7541-4EE4-A3DE-5A56ACB33B4B}.Debug|Any CPU.ActiveCfg = Debug|Any CPU
		{B41DE99D-7541-4EE4-A3DE-5A56ACB33B4B}.Debug|Any CPU.Build.0 = Debug|Any CPU
		{B41DE99D-7541-4EE4-A3DE-5A56ACB33B4B}.Release|Any CPU.ActiveCfg = Release|Any CPU
		{B41DE99D-7541-4EE4-A3DE-5A56ACB33B4B}.Release|Any CPU.Build.0 = Release|Any CPU
	EndGlobalSection
	GlobalSection(SolutionProperties) = preSolution
		HideSolutionNode = FALSE
	EndGlobalSection
	GlobalSection(ExtensibilityGlobals) = postSolution
		SolutionGuid = {D02C4D03-1EA8-4D0B-8EA4-9C03B33E78C3}
	EndGlobalSection
EndGlobal
