
Microsoft Visual Studio Solution File, Format Version 12.00
# Visual Studio Version 17
VisualStudioVersion = 17.2.32630.192
MinimumVisualStudioVersion = 10.0.40219.1
Project("{FAE04EC0-301F-11D3-BF4B-00C04F79EFBC}") = "Assignment2--3", "Assignment2--3.csproj", "{A2DECA44-B0B2-463B-929C-27713F7BC862}"
EndProject
Global
	GlobalSection(SolutionConfigurationPlatforms) = preSolution
		Debug|Any CPU = Debug|Any CPU
		Release|Any CPU = Release|Any CPU
	EndGlobalSection
	GlobalSection(ProjectConfigurationPlatforms) = postSolution
		{A2DECA44-B0B2-463B-929C-27713F7BC862}.Debug|Any CPU.ActiveCfg = Debug|Any CPU
		{A2DECA44-B0B2-463B-929C-27713F7BC862}.Debug|Any CPU.Build.0 = Debug|Any CPU
		{A2DECA44-B0B2-463B-929C-27713F7BC862}.Release|Any CPU.ActiveCfg = Release|Any CPU
		{A2DECA44-B0B2-463B-929C-27713F7BC862}.Release|Any CPU.Build.0 = Release|Any CPU
	EndGlobalSection
	GlobalSection(SolutionProperties) = preSolution
		HideSolutionNode = FALSE
	EndGlobalSection
	GlobalSection(ExtensibilityGlobals) = postSolution
		SolutionGuid = {D11F344C-EFBD-4642-8F53-44368C478F97}
	EndGlobalSection
EndGlobal
